
Microsoft Visual Studio Solution File, Format Version 12.00
# Visual Studio Version 17
VisualStudioVersion = 17.0.31903.59
MinimumVisualStudioVersion = 10.0.40219.1
Project("{9A19103F-16F7-4668-BE54-9A1E7A4F7556}") = "NF.Web", "NF.Web\NF.Web.csproj", "{128D65E1-0EB6-4FC0-9DAE-9CC1935C425D}"
EndProject
Project("{9A19103F-16F7-4668-BE54-9A1E7A4F7556}") = "NF.IBLL", "NF.IBLL\NF.IBLL.csproj", "{9910ABB0-B735-4C0F-A293-4A26492E0A02}"
EndProject
Project("{9A19103F-16F7-4668-BE54-9A1E7A4F7556}") = "NF.BLL", "NF.BLL\NF.BLL.csproj", "{E18367DE-F260-4C25-856F-0B7B50C00523}"
EndProject
Project("{9A19103F-16F7-4668-BE54-9A1E7A4F7556}") = "NF.Common", "NF.Common\NF.Common.csproj", "{5DAD6E6A-CD13-407B-BF8E-283105C9D4C9}"
EndProject
Project("{2150E333-8FDC-42A3-9474-1A3956D46DE8}") = "BLL", "BLL", "{1A3EC509-1F39-4549-A6BB-AC9093588827}"
EndProject
Project("{2150E333-8FDC-42A3-9474-1A3956D46DE8}") = "Common", "Common", "{2D7D94FA-A9BF-4295-8542-C73684A8883F}"
EndProject
Project("{2150E333-8FDC-42A3-9474-1A3956D46DE8}") = "Web", "Web", "{194D884D-227C-4554-8884-C5EE68818792}"
EndProject
Project("{9A19103F-16F7-4668-BE54-9A1E7A4F7556}") = "NF.Model", "NF.Model\NF.Model.csproj", "{55720A6B-8DAC-49AC-9BBC-DEFEEC155294}"
EndProject
Project("{2150E333-8FDC-42A3-9474-1A3956D46DE8}") = "Model", "Model", "{A71F3268-5ED3-47F8-8732-0260F57F3019}"
EndProject
Project("{9A19103F-16F7-4668-BE54-9A1E7A4F7556}") = "NF.ViewModel", "NF.ViewModel\NF.ViewModel.csproj", "{0BA4CF35-4F08-409E-87F1-6CA00969EAC6}"
EndProject
Project("{9A19103F-16F7-4668-BE54-9A1E7A4F7556}") = "NF.QuartzNet", "NF.QuartzNet\NF.QuartzNet.csproj", "{BBAD0342-A2F4-41EE-ADEC-A631BD02EBFF}"
EndProject
Project("{9A19103F-16F7-4668-BE54-9A1E7A4F7556}") = "NF.AutoMapper", "NF.AutoMapper\NF.AutoMapper.csproj", "{5EBB68BD-5CDE-4C00-8D8A-DD5E61A48831}"
EndProject
Project("{2150E333-8FDC-42A3-9474-1A3956D46DE8}") = "SignalR", "SignalR", "{D5C0D7E3-EBCF-4A06-86BD-738EEFE06E49}"
EndProject
Project("{9A19103F-16F7-4668-BE54-9A1E7A4F7556}") = "SignalR.Server", "SignalR.Server\SignalR.Server.csproj", "{002CF5C6-C9AC-401D-8D3C-0185E25A555A}"
EndProject
Project("{9A19103F-16F7-4668-BE54-9A1E7A4F7556}") = "SignalR.Client", "SignalR.Client\SignalR.Client.csproj", "{8CB60B66-FE6B-4ADD-A92F-2D72193BAD75}"
EndProject
Project("{9A19103F-16F7-4668-BE54-9A1E7A4F7556}") = "LhCode", "LhCode\LhCode.csproj", "{9B36C5CF-963F-4CD0-8ABA-3BAA0B732580}"
EndProject
Project("{9A19103F-16F7-4668-BE54-9A1E7A4F7556}") = "NF.OfficeComm", "NF.OfficeComm\NF.OfficeComm.csproj", "{88991910-2CF6-45F8-96F6-251EE7B6A561}"
EndProject
Project("{9A19103F-16F7-4668-BE54-9A1E7A4F7556}") = "NF.WeiXinApp", "NF.WeiXinApp\NF.WeiXinApp.csproj", "{06F219C3-E02A-4F94-9F6E-8B1063126EF3}"
EndProject
Project("{2150E333-8FDC-42A3-9474-1A3956D46DE8}") = "WeiXin", "WeiXin", "{DE2C651B-8F81-4CCA-8502-95603D257100}"
EndProject
Project("{9A19103F-16F7-4668-BE54-9A1E7A4F7556}") = "NF.WeiXin.Lib", "NF.WeiXin.Lib\NF.WeiXin.Lib.csproj", "{2B520B9E-98A2-46A1-84E6-1E88D56B5DD8}"
EndProject
Global
	GlobalSection(SolutionConfigurationPlatforms) = preSolution
		Debug|Any CPU = Debug|Any CPU
		Release|Any CPU = Release|Any CPU
	EndGlobalSection
	GlobalSection(ProjectConfigurationPlatforms) = postSolution
		{128D65E1-0EB6-4FC0-9DAE-9CC1935C425D}.Debug|Any CPU.ActiveCfg = Debug|Any CPU
		{128D65E1-0EB6-4FC0-9DAE-9CC1935C425D}.Debug|Any CPU.Build.0 = Debug|Any CPU
		{128D65E1-0EB6-4FC0-9DAE-9CC1935C425D}.Release|Any CPU.ActiveCfg = Release|Any CPU
		{128D65E1-0EB6-4FC0-9DAE-9CC1935C425D}.Release|Any CPU.Build.0 = Release|Any CPU
		{9910ABB0-B735-4C0F-A293-4A26492E0A02}.Debug|Any CPU.ActiveCfg = Debug|Any CPU
		{9910ABB0-B735-4C0F-A293-4A26492E0A02}.Debug|Any CPU.Build.0 = Debug|Any CPU
		{9910ABB0-B735-4C0F-A293-4A26492E0A02}.Release|Any CPU.ActiveCfg = Release|Any CPU
		{9910ABB0-B735-4C0F-A293-4A26492E0A02}.Release|Any CPU.Build.0 = Release|Any CPU
		{E18367DE-F260-4C25-856F-0B7B50C00523}.Debug|Any CPU.ActiveCfg = Debug|Any CPU
		{E18367DE-F260-4C25-856F-0B7B50C00523}.Debug|Any CPU.Build.0 = Debug|Any CPU
		{E18367DE-F260-4C25-856F-0B7B50C00523}.Release|Any CPU.ActiveCfg = Release|Any CPU
		{E18367DE-F260-4C25-856F-0B7B50C00523}.Release|Any CPU.Build.0 = Release|Any CPU
		{5DAD6E6A-CD13-407B-BF8E-283105C9D4C9}.Debug|Any CPU.ActiveCfg = Debug|Any CPU
		{5DAD6E6A-CD13-407B-BF8E-283105C9D4C9}.Debug|Any CPU.Build.0 = Debug|Any CPU
		{5DAD6E6A-CD13-407B-BF8E-283105C9D4C9}.Release|Any CPU.ActiveCfg = Release|Any CPU
		{5DAD6E6A-CD13-407B-BF8E-283105C9D4C9}.Release|Any CPU.Build.0 = Release|Any CPU
		{55720A6B-8DAC-49AC-9BBC-DEFEEC155294}.Debug|Any CPU.ActiveCfg = Debug|Any CPU
		{55720A6B-8DAC-49AC-9BBC-DEFEEC155294}.Debug|Any CPU.Build.0 = Debug|Any CPU
		{55720A6B-8DAC-49AC-9BBC-DEFEEC155294}.Release|Any CPU.ActiveCfg = Release|Any CPU
		{55720A6B-8DAC-49AC-9BBC-DEFEEC155294}.Release|Any CPU.Build.0 = Release|Any CPU
		{0BA4CF35-4F08-409E-87F1-6CA00969EAC6}.Debug|Any CPU.ActiveCfg = Debug|Any CPU
		{0BA4CF35-4F08-409E-87F1-6CA00969EAC6}.Debug|Any CPU.Build.0 = Debug|Any CPU
		{0BA4CF35-4F08-409E-87F1-6CA00969EAC6}.Release|Any CPU.ActiveCfg = Release|Any CPU
		{0BA4CF35-4F08-409E-87F1-6CA00969EAC6}.Release|Any CPU.Build.0 = Release|Any CPU
		{BBAD0342-A2F4-41EE-ADEC-A631BD02EBFF}.Debug|Any CPU.ActiveCfg = Debug|Any CPU
		{BBAD0342-A2F4-41EE-ADEC-A631BD02EBFF}.Debug|Any CPU.Build.0 = Debug|Any CPU
		{BBAD0342-A2F4-41EE-ADEC-A631BD02EBFF}.Release|Any CPU.ActiveCfg = Release|Any CPU
		{BBAD0342-A2F4-41EE-ADEC-A631BD02EBFF}.Release|Any CPU.Build.0 = Release|Any CPU
		{5EBB68BD-5CDE-4C00-8D8A-DD5E61A48831}.Debug|Any CPU.ActiveCfg = Debug|Any CPU
		{5EBB68BD-5CDE-4C00-8D8A-DD5E61A48831}.Debug|Any CPU.Build.0 = Debug|Any CPU
		{5EBB68BD-5CDE-4C00-8D8A-DD5E61A48831}.Release|Any CPU.ActiveCfg = Release|Any CPU
		{5EBB68BD-5CDE-4C00-8D8A-DD5E61A48831}.Release|Any CPU.Build.0 = Release|Any CPU
		{002CF5C6-C9AC-401D-8D3C-0185E25A555A}.Debug|Any CPU.ActiveCfg = Debug|Any CPU
		{002CF5C6-C9AC-401D-8D3C-0185E25A555A}.Debug|Any CPU.Build.0 = Debug|Any CPU
		{002CF5C6-C9AC-401D-8D3C-0185E25A555A}.Release|Any CPU.ActiveCfg = Release|Any CPU
		{002CF5C6-C9AC-401D-8D3C-0185E25A555A}.Release|Any CPU.Build.0 = Release|Any CPU
		{8CB60B66-FE6B-4ADD-A92F-2D72193BAD75}.Debug|Any CPU.ActiveCfg = Debug|Any CPU
		{8CB60B66-FE6B-4ADD-A92F-2D72193BAD75}.Debug|Any CPU.Build.0 = Debug|Any CPU
		{8CB60B66-FE6B-4ADD-A92F-2D72193BAD75}.Release|Any CPU.ActiveCfg = Release|Any CPU
		{8CB60B66-FE6B-4ADD-A92F-2D72193BAD75}.Release|Any CPU.Build.0 = Release|Any CPU
		{9B36C5CF-963F-4CD0-8ABA-3BAA0B732580}.Debug|Any CPU.ActiveCfg = Debug|Any CPU
		{9B36C5CF-963F-4CD0-8ABA-3BAA0B732580}.Debug|Any CPU.Build.0 = Debug|Any CPU
		{9B36C5CF-963F-4CD0-8ABA-3BAA0B732580}.Release|Any CPU.ActiveCfg = Release|Any CPU
		{9B36C5CF-963F-4CD0-8ABA-3BAA0B732580}.Release|Any CPU.Build.0 = Release|Any CPU
		{88991910-2CF6-45F8-96F6-251EE7B6A561}.Debug|Any CPU.ActiveCfg = Debug|Any CPU
		{88991910-2CF6-45F8-96F6-251EE7B6A561}.Debug|Any CPU.Build.0 = Debug|Any CPU
		{88991910-2CF6-45F8-96F6-251EE7B6A561}.Release|Any CPU.ActiveCfg = Release|Any CPU
		{88991910-2CF6-45F8-96F6-251EE7B6A561}.Release|Any CPU.Build.0 = Release|Any CPU
		{06F219C3-E02A-4F94-9F6E-8B1063126EF3}.Debug|Any CPU.ActiveCfg = Debug|Any CPU
		{06F219C3-E02A-4F94-9F6E-8B1063126EF3}.Debug|Any CPU.Build.0 = Debug|Any CPU
		{06F219C3-E02A-4F94-9F6E-8B1063126EF3}.Release|Any CPU.ActiveCfg = Release|Any CPU
		{06F219C3-E02A-4F94-9F6E-8B1063126EF3}.Release|Any CPU.Build.0 = Release|Any CPU
		{2B520B9E-98A2-46A1-84E6-1E88D56B5DD8}.Debug|Any CPU.ActiveCfg = Debug|Any CPU
		{2B520B9E-98A2-46A1-84E6-1E88D56B5DD8}.Debug|Any CPU.Build.0 = Debug|Any CPU
		{2B520B9E-98A2-46A1-84E6-1E88D56B5DD8}.Release|Any CPU.ActiveCfg = Release|Any CPU
		{2B520B9E-98A2-46A1-84E6-1E88D56B5DD8}.Release|Any CPU.Build.0 = Release|Any CPU
	EndGlobalSection
	GlobalSection(SolutionProperties) = preSolution
		HideSolutionNode = FALSE
	EndGlobalSection
	GlobalSection(NestedProjects) = preSolution
		{128D65E1-0EB6-4FC0-9DAE-9CC1935C425D} = {194D884D-227C-4554-8884-C5EE68818792}
		{9910ABB0-B735-4C0F-A293-4A26492E0A02} = {1A3EC509-1F39-4549-A6BB-AC9093588827}
		{E18367DE-F260-4C25-856F-0B7B50C00523} = {1A3EC509-1F39-4549-A6BB-AC9093588827}
		{5DAD6E6A-CD13-407B-BF8E-283105C9D4C9} = {2D7D94FA-A9BF-4295-8542-C73684A8883F}
		{55720A6B-8DAC-49AC-9BBC-DEFEEC155294} = {A71F3268-5ED3-47F8-8732-0260F57F3019}
		{0BA4CF35-4F08-409E-87F1-6CA00969EAC6} = {A71F3268-5ED3-47F8-8732-0260F57F3019}
		{BBAD0342-A2F4-41EE-ADEC-A631BD02EBFF} = {2D7D94FA-A9BF-4295-8542-C73684A8883F}
		{5EBB68BD-5CDE-4C00-8D8A-DD5E61A48831} = {2D7D94FA-A9BF-4295-8542-C73684A8883F}
		{D5C0D7E3-EBCF-4A06-86BD-738EEFE06E49} = {2D7D94FA-A9BF-4295-8542-C73684A8883F}
		{002CF5C6-C9AC-401D-8D3C-0185E25A555A} = {D5C0D7E3-EBCF-4A06-86BD-738EEFE06E49}
		{8CB60B66-FE6B-4ADD-A92F-2D72193BAD75} = {D5C0D7E3-EBCF-4A06-86BD-738EEFE06E49}
		{9B36C5CF-963F-4CD0-8ABA-3BAA0B732580} = {2D7D94FA-A9BF-4295-8542-C73684A8883F}
		{88991910-2CF6-45F8-96F6-251EE7B6A561} = {2D7D94FA-A9BF-4295-8542-C73684A8883F}
		{06F219C3-E02A-4F94-9F6E-8B1063126EF3} = {194D884D-227C-4554-8884-C5EE68818792}
		{2B520B9E-98A2-46A1-84E6-1E88D56B5DD8} = {DE2C651B-8F81-4CCA-8502-95603D257100}
	EndGlobalSection
	GlobalSection(ExtensibilityGlobals) = postSolution
		SolutionGuid = {138F34B2-36DA-4D79-8079-77271A2E6D2B}
	EndGlobalSection
EndGlobal
